
Microsoft Visual Studio Solution File, Format Version 12.00
# Visual Studio Version 18
VisualStudioVersion = 18.1.11304.174 d18.0
MinimumVisualStudioVersion = 10.0.40219.1
Project("{FAE04EC0-301F-11D3-BF4B-00C04F79EFBC}") = "Sahara.API", "Sahara.API\Sahara.API.csproj", "{917FB7FC-0EA7-4CD7-A999-CC863E89CB89}"
EndProject
Project("{2150E333-8FDC-42A3-9474-1A3956D46DE8}") = "Modules", "Modules", "{58B65B59-32B2-4B0D-B50D-BAF315B40B8E}"
EndProject
Project("{2150E333-8FDC-42A3-9474-1A3956D46DE8}") = "Identity", "Identity", "{66E8658B-E814-4851-98EF-65DE286DCC93}"
EndProject
Project("{FAE04EC0-301F-11D3-BF4B-00C04F79EFBC}") = "Sahara.Identity.Domain", "Sahara.Identity.Domain\Sahara.Identity.Domain.csproj", "{26E1A858-F6A1-4AA1-BBFC-B7C03B34DCE9}"
EndProject
Project("{FAE04EC0-301F-11D3-BF4B-00C04F79EFBC}") = "Sahara.Identity.Application", "Sahara.Identity.Application\Sahara.Identity.Application.csproj", "{763A9517-7407-4C6B-B646-A061AEB66AD5}"
EndProject
Project("{FAE04EC0-301F-11D3-BF4B-00C04F79EFBC}") = "Sahara.Identity.Infrastructure", "Sahara.Identity.Infrastructure\Sahara.Identity.Infrastructure.csproj", "{62B90FB1-BF87-4DBC-AD12-243655718753}"
EndProject
Project("{FAE04EC0-301F-11D3-BF4B-00C04F79EFBC}") = "Sahara.Identity.API", "Sahara.Identity.API\Sahara.Identity.API.csproj", "{32C647EA-9C6B-49D9-AC1B-1928835666EA}"
EndProject
Project("{FAE04EC0-301F-11D3-BF4B-00C04F79EFBC}") = "Sahara.Identity.Tests", "Sahara.Identity.Tests\Sahara.Identity.Tests.csproj", "{95D95BE2-C868-4508-9FA3-66144C49141A}"
EndProject
Project("{2150E333-8FDC-42A3-9474-1A3956D46DE8}") = "Users", "Users", "{B83F8177-3DC8-4E71-BA60-25BB34A178BD}"
EndProject
Project("{FAE04EC0-301F-11D3-BF4B-00C04F79EFBC}") = "Sahara.Users.Domain", "Sahara.Users.Domain\Sahara.Users.Domain.csproj", "{53F3C9E5-5BFA-455D-9BC2-4932431989D5}"
EndProject
Project("{FAE04EC0-301F-11D3-BF4B-00C04F79EFBC}") = "Sahara.Users.Application", "Sahara.Users.Application\Sahara.Users.Application.csproj", "{A74831F5-F24F-4CAC-BDFF-3D5DC0746910}"
EndProject
Project("{FAE04EC0-301F-11D3-BF4B-00C04F79EFBC}") = "Sahara.Users.Infrastructure", "Sahara.Users.Infrastructure\Sahara.Users.Infrastructure.csproj", "{3E1284D1-6E3C-42A5-B56B-D69DE657D803}"
EndProject
Project("{FAE04EC0-301F-11D3-BF4B-00C04F79EFBC}") = "Sahara.Users.API", "Sahara.Users.API\Sahara.Users.API.csproj", "{633A9052-BD17-4657-8EAA-091BB6CCA10E}"
EndProject
Project("{FAE04EC0-301F-11D3-BF4B-00C04F79EFBC}") = "Sahara.Users.Tests", "Sahara.Users.Tests\Sahara.Users.Tests.csproj", "{9D9AFA99-184B-4292-A592-15F3FEF10D36}"
EndProject
Project("{2150E333-8FDC-42A3-9474-1A3956D46DE8}") = "src", "src", "{6A19AAAF-CD4A-44C3-97E5-592723D3B16B}"
EndProject
Project("{2150E333-8FDC-42A3-9474-1A3956D46DE8}") = "Api", "Api", "{D3115A96-B4A3-4896-A5D0-1DE24335B83B}"
EndProject
Project("{2150E333-8FDC-42A3-9474-1A3956D46DE8}") = "Shared", "Shared", "{CC6ACEB6-7513-4B85-AE6F-00405C86967B}"
EndProject
Project("{2150E333-8FDC-42A3-9474-1A3956D46DE8}") = "Clients", "Clients", "{81BE1640-5104-4F2C-972D-DF138EEEDD08}"
EndProject
Project("{2150E333-8FDC-42A3-9474-1A3956D46DE8}") = "tests", "tests", "{F355F870-E76E-49D9-AD11-A81F43F457D3}"
EndProject
Project("{2150E333-8FDC-42A3-9474-1A3956D46DE8}") = "docs", "docs", "{B2C2380B-49C4-4EA0-B6AE-F366EDCD211E}"
EndProject
Global
	GlobalSection(SolutionConfigurationPlatforms) = preSolution
		Debug|Any CPU = Debug|Any CPU
		Release|Any CPU = Release|Any CPU
	EndGlobalSection
	GlobalSection(ProjectConfigurationPlatforms) = postSolution
		{917FB7FC-0EA7-4CD7-A999-CC863E89CB89}.Debug|Any CPU.ActiveCfg = Debug|Any CPU
		{917FB7FC-0EA7-4CD7-A999-CC863E89CB89}.Debug|Any CPU.Build.0 = Debug|Any CPU
		{917FB7FC-0EA7-4CD7-A999-CC863E89CB89}.Release|Any CPU.ActiveCfg = Release|Any CPU
		{917FB7FC-0EA7-4CD7-A999-CC863E89CB89}.Release|Any CPU.Build.0 = Release|Any CPU
		{26E1A858-F6A1-4AA1-BBFC-B7C03B34DCE9}.Debug|Any CPU.ActiveCfg = Debug|Any CPU
		{26E1A858-F6A1-4AA1-BBFC-B7C03B34DCE9}.Debug|Any CPU.Build.0 = Debug|Any CPU
		{26E1A858-F6A1-4AA1-BBFC-B7C03B34DCE9}.Release|Any CPU.ActiveCfg = Release|Any CPU
		{26E1A858-F6A1-4AA1-BBFC-B7C03B34DCE9}.Release|Any CPU.Build.0 = Release|Any CPU
		{763A9517-7407-4C6B-B646-A061AEB66AD5}.Debug|Any CPU.ActiveCfg = Debug|Any CPU
		{763A9517-7407-4C6B-B646-A061AEB66AD5}.Debug|Any CPU.Build.0 = Debug|Any CPU
		{763A9517-7407-4C6B-B646-A061AEB66AD5}.Release|Any CPU.ActiveCfg = Release|Any CPU
		{763A9517-7407-4C6B-B646-A061AEB66AD5}.Release|Any CPU.Build.0 = Release|Any CPU
		{62B90FB1-BF87-4DBC-AD12-243655718753}.Debug|Any CPU.ActiveCfg = Debug|Any CPU
		{62B90FB1-BF87-4DBC-AD12-243655718753}.Debug|Any CPU.Build.0 = Debug|Any CPU
		{62B90FB1-BF87-4DBC-AD12-243655718753}.Release|Any CPU.ActiveCfg = Release|Any CPU
		{62B90FB1-BF87-4DBC-AD12-243655718753}.Release|Any CPU.Build.0 = Release|Any CPU
		{32C647EA-9C6B-49D9-AC1B-1928835666EA}.Debug|Any CPU.ActiveCfg = Debug|Any CPU
		{32C647EA-9C6B-49D9-AC1B-1928835666EA}.Debug|Any CPU.Build.0 = Debug|Any CPU
		{32C647EA-9C6B-49D9-AC1B-1928835666EA}.Release|Any CPU.ActiveCfg = Release|Any CPU
		{32C647EA-9C6B-49D9-AC1B-1928835666EA}.Release|Any CPU.Build.0 = Release|Any CPU
		{95D95BE2-C868-4508-9FA3-66144C49141A}.Debug|Any CPU.ActiveCfg = Debug|Any CPU
		{95D95BE2-C868-4508-9FA3-66144C49141A}.Debug|Any CPU.Build.0 = Debug|Any CPU
		{95D95BE2-C868-4508-9FA3-66144C49141A}.Release|Any CPU.ActiveCfg = Release|Any CPU
		{95D95BE2-C868-4508-9FA3-66144C49141A}.Release|Any CPU.Build.0 = Release|Any CPU
		{53F3C9E5-5BFA-455D-9BC2-4932431989D5}.Debug|Any CPU.ActiveCfg = Debug|Any CPU
		{53F3C9E5-5BFA-455D-9BC2-4932431989D5}.Debug|Any CPU.Build.0 = Debug|Any CPU
		{53F3C9E5-5BFA-455D-9BC2-4932431989D5}.Release|Any CPU.ActiveCfg = Release|Any CPU
		{53F3C9E5-5BFA-455D-9BC2-4932431989D5}.Release|Any CPU.Build.0 = Release|Any CPU
		{A74831F5-F24F-4CAC-BDFF-3D5DC0746910}.Debug|Any CPU.ActiveCfg = Debug|Any CPU
		{A74831F5-F24F-4CAC-BDFF-3D5DC0746910}.Debug|Any CPU.Build.0 = Debug|Any CPU
		{A74831F5-F24F-4CAC-BDFF-3D5DC0746910}.Release|Any CPU.ActiveCfg = Release|Any CPU
		{A74831F5-F24F-4CAC-BDFF-3D5DC0746910}.Release|Any CPU.Build.0 = Release|Any CPU
		{3E1284D1-6E3C-42A5-B56B-D69DE657D803}.Debug|Any CPU.ActiveCfg = Debug|Any CPU
		{3E1284D1-6E3C-42A5-B56B-D69DE657D803}.Debug|Any CPU.Build.0 = Debug|Any CPU
		{3E1284D1-6E3C-42A5-B56B-D69DE657D803}.Release|Any CPU.ActiveCfg = Release|Any CPU
		{3E1284D1-6E3C-42A5-B56B-D69DE657D803}.Release|Any CPU.Build.0 = Release|Any CPU
		{633A9052-BD17-4657-8EAA-091BB6CCA10E}.Debug|Any CPU.ActiveCfg = Debug|Any CPU
		{633A9052-BD17-4657-8EAA-091BB6CCA10E}.Debug|Any CPU.Build.0 = Debug|Any CPU
		{633A9052-BD17-4657-8EAA-091BB6CCA10E}.Release|Any CPU.ActiveCfg = Release|Any CPU
		{633A9052-BD17-4657-8EAA-091BB6CCA10E}.Release|Any CPU.Build.0 = Release|Any CPU
		{9D9AFA99-184B-4292-A592-15F3FEF10D36}.Debug|Any CPU.ActiveCfg = Debug|Any CPU
		{9D9AFA99-184B-4292-A592-15F3FEF10D36}.Debug|Any CPU.Build.0 = Debug|Any CPU
		{9D9AFA99-184B-4292-A592-15F3FEF10D36}.Release|Any CPU.ActiveCfg = Release|Any CPU
		{9D9AFA99-184B-4292-A592-15F3FEF10D36}.Release|Any CPU.Build.0 = Release|Any CPU
	EndGlobalSection
	GlobalSection(SolutionProperties) = preSolution
		HideSolutionNode = FALSE
	EndGlobalSection
	GlobalSection(NestedProjects) = preSolution
		{917FB7FC-0EA7-4CD7-A999-CC863E89CB89} = {D3115A96-B4A3-4896-A5D0-1DE24335B83B}
		{58B65B59-32B2-4B0D-B50D-BAF315B40B8E} = {6A19AAAF-CD4A-44C3-97E5-592723D3B16B}
		{66E8658B-E814-4851-98EF-65DE286DCC93} = {58B65B59-32B2-4B0D-B50D-BAF315B40B8E}
		{26E1A858-F6A1-4AA1-BBFC-B7C03B34DCE9} = {66E8658B-E814-4851-98EF-65DE286DCC93}
		{763A9517-7407-4C6B-B646-A061AEB66AD5} = {66E8658B-E814-4851-98EF-65DE286DCC93}
		{62B90FB1-BF87-4DBC-AD12-243655718753} = {66E8658B-E814-4851-98EF-65DE286DCC93}
		{32C647EA-9C6B-49D9-AC1B-1928835666EA} = {66E8658B-E814-4851-98EF-65DE286DCC93}
		{95D95BE2-C868-4508-9FA3-66144C49141A} = {66E8658B-E814-4851-98EF-65DE286DCC93}
		{B83F8177-3DC8-4E71-BA60-25BB34A178BD} = {58B65B59-32B2-4B0D-B50D-BAF315B40B8E}
		{53F3C9E5-5BFA-455D-9BC2-4932431989D5} = {B83F8177-3DC8-4E71-BA60-25BB34A178BD}
		{A74831F5-F24F-4CAC-BDFF-3D5DC0746910} = {B83F8177-3DC8-4E71-BA60-25BB34A178BD}
		{3E1284D1-6E3C-42A5-B56B-D69DE657D803} = {B83F8177-3DC8-4E71-BA60-25BB34A178BD}
		{633A9052-BD17-4657-8EAA-091BB6CCA10E} = {B83F8177-3DC8-4E71-BA60-25BB34A178BD}
		{9D9AFA99-184B-4292-A592-15F3FEF10D36} = {B83F8177-3DC8-4E71-BA60-25BB34A178BD}
		{D3115A96-B4A3-4896-A5D0-1DE24335B83B} = {6A19AAAF-CD4A-44C3-97E5-592723D3B16B}
		{CC6ACEB6-7513-4B85-AE6F-00405C86967B} = {6A19AAAF-CD4A-44C3-97E5-592723D3B16B}
		{81BE1640-5104-4F2C-972D-DF138EEEDD08} = {6A19AAAF-CD4A-44C3-97E5-592723D3B16B}
	EndGlobalSection
	GlobalSection(ExtensibilityGlobals) = postSolution
		SolutionGuid = {9DC915E6-67E6-4199-B97A-FE0EF28C0D6E}
	EndGlobalSection
EndGlobal
