
Microsoft Visual Studio Solution File, Format Version 12.00
# Visual Studio Version 18
VisualStudioVersion = 18.1.11304.174
MinimumVisualStudioVersion = 10.0.40219.1
Project("{2150E333-8FDC-42A3-9474-1A3956D46DE8}") = "src", "src", "{D7321109-F7BB-4EA0-BB5A-E650B3F2BCB4}"
EndProject
Project("{2150E333-8FDC-42A3-9474-1A3956D46DE8}") = "docs", "docs", "{405B8979-8D68-4B24-8A2A-1EE7CF5B96AD}"
	ProjectSection(SolutionItems) = preProject
		docs\architecture.md = docs\architecture.md
		notes.txt = notes.txt
	EndProjectSection
EndProject
Project("{2150E333-8FDC-42A3-9474-1A3956D46DE8}") = "Api", "Api", "{1C2ECABE-4BF3-45B3-BF71-5DDC121B4DE6}"
EndProject
Project("{2150E333-8FDC-42A3-9474-1A3956D46DE8}") = "Modules", "Modules", "{FF68E96F-B414-48C8-B8F7-57F7EF57CAA1}"
EndProject
Project("{2150E333-8FDC-42A3-9474-1A3956D46DE8}") = "Identity", "Identity", "{C853641E-A871-4E47-B713-CA871272F321}"
EndProject
Project("{2150E333-8FDC-42A3-9474-1A3956D46DE8}") = "Users", "Users", "{F6E58F27-9A91-4C77-B222-FDB9C30C73AD}"
EndProject
Project("{2150E333-8FDC-42A3-9474-1A3956D46DE8}") = "test", "test", "{99E6C76E-CCFA-45CC-8555-FF517C418CEE}"
EndProject
Project("{2150E333-8FDC-42A3-9474-1A3956D46DE8}") = "IntegrationTests", "IntegrationTests", "{1E3384B6-7C46-4EF2-B2E1-5AF353F4AEEC}"
EndProject
Project("{FAE04EC0-301F-11D3-BF4B-00C04F79EFBC}") = "Sahara.IntegrationTests", "tests\IntegrationTests\Sahara.IntegrationTests\Sahara.IntegrationTests.csproj", "{620CCE68-14A5-4043-9B68-B171F4452C56}"
EndProject
Project("{2150E333-8FDC-42A3-9474-1A3956D46DE8}") = "Shared", "Shared", "{9B38E89C-27E2-4BB5-A388-1C8E3D49A320}"
EndProject
Project("{2150E333-8FDC-42A3-9474-1A3956D46DE8}") = "Contracts", "Contracts", "{51322CAC-41B3-4DD6-9876-CE9C148C103C}"
EndProject
Project("{FAE04EC0-301F-11D3-BF4B-00C04F79EFBC}") = "Sahara.Shared.Contracts", "shared\Contracts\Sahara.Shared.Contracts\Sahara.Shared.Contracts.csproj", "{AAF1F06B-A264-49B5-8C1A-C453CC32C2D0}"
EndProject
Project("{FAE04EC0-301F-11D3-BF4B-00C04F79EFBC}") = "Sahara.Modules.Identity.API", "src\Modules\Identity\Sahara.Modules.Identity.API\Sahara.Modules.Identity.API.csproj", "{7560CD30-A88F-2DC8-C584-89A7D5953F3B}"
EndProject
Project("{FAE04EC0-301F-11D3-BF4B-00C04F79EFBC}") = "Sahara.Modules.Identity.Application", "src\Modules\Identity\Sahara.Modules.Identity.Application\Sahara.Modules.Identity.Application.csproj", "{52AF40B0-99DB-7DA5-7C01-1D4227106ED1}"
EndProject
Project("{FAE04EC0-301F-11D3-BF4B-00C04F79EFBC}") = "Sahara.Modules.Identity.Domain", "src\Modules\Identity\Sahara.Modules.Identity.Domain\Sahara.Modules.Identity.Domain.csproj", "{8C5E4CC1-A97B-B09E-2CBD-7E1177B9C549}"
EndProject
Project("{FAE04EC0-301F-11D3-BF4B-00C04F79EFBC}") = "Sahara.Modules.Identity.Infrastructure", "src\Modules\Identity\Sahara.Modules.Identity.Infrastructure\Sahara.Modules.Identity.Infrastructure.csproj", "{FC20CE29-35FB-484C-773A-B878837881C3}"
EndProject
Project("{FAE04EC0-301F-11D3-BF4B-00C04F79EFBC}") = "Sahara.Modules.Identity.Tests", "src\Modules\Identity\Sahara.Modules.Identity.Tests\Sahara.Modules.Identity.Tests.csproj", "{F464C723-1281-A329-A7CE-9390FE463F9E}"
EndProject
Project("{FAE04EC0-301F-11D3-BF4B-00C04F79EFBC}") = "Sahara.Modules.Users.API", "src\Modules\Users\Sahara.Modules.Users.API\Sahara.Modules.Users.API.csproj", "{8F6AFC65-8CB2-2CF9-4E7B-5328AEC09638}"
EndProject
Project("{FAE04EC0-301F-11D3-BF4B-00C04F79EFBC}") = "Sahara.Modules.Users.Application", "src\Modules\Users\Sahara.Modules.Users.Application\Sahara.Modules.Users.Application.csproj", "{ECCD0421-6213-BD17-694E-26EA01284DEB}"
EndProject
Project("{FAE04EC0-301F-11D3-BF4B-00C04F79EFBC}") = "Sahara.Modules.Users.Domain", "src\Modules\Users\Sahara.Modules.Users.Domain\Sahara.Modules.Users.Domain.csproj", "{2B78A29A-F1DC-AF69-1187-078678714505}"
EndProject
Project("{FAE04EC0-301F-11D3-BF4B-00C04F79EFBC}") = "Sahara.Modules.Users.Infrastructure", "src\Modules\Users\Sahara.Modules.Users.Infrastructure\Sahara.Modules.Users.Infrastructure.csproj", "{D52F9044-5D30-77EB-1C6A-B8F9C2CE645D}"
EndProject
Project("{FAE04EC0-301F-11D3-BF4B-00C04F79EFBC}") = "Sahara.Modules.Users.Tests", "src\Modules\Users\Sahara.Modules.Users.Tests\Sahara.Modules.Users.Tests.csproj", "{54912737-E68D-ABCF-0F54-952A748B521C}"
EndProject
Project("{FAE04EC0-301F-11D3-BF4B-00C04F79EFBC}") = "old.api", "src\remove\old.api.csproj", "{8003F8E3-8B88-F48B-BD2B-99121CE1A5CB}"
EndProject
Project("{FAE04EC0-301F-11D3-BF4B-00C04F79EFBC}") = "Sahara.API", "src\Api\Sahara.API\Sahara.API.csproj", "{AFEF1B2D-1324-41A1-A77F-B25AEA452D0A}"
EndProject
Global
	GlobalSection(SolutionConfigurationPlatforms) = preSolution
		Debug|Any CPU = Debug|Any CPU
		Release|Any CPU = Release|Any CPU
	EndGlobalSection
	GlobalSection(ProjectConfigurationPlatforms) = postSolution
		{620CCE68-14A5-4043-9B68-B171F4452C56}.Debug|Any CPU.ActiveCfg = Debug|Any CPU
		{620CCE68-14A5-4043-9B68-B171F4452C56}.Debug|Any CPU.Build.0 = Debug|Any CPU
		{620CCE68-14A5-4043-9B68-B171F4452C56}.Release|Any CPU.ActiveCfg = Release|Any CPU
		{620CCE68-14A5-4043-9B68-B171F4452C56}.Release|Any CPU.Build.0 = Release|Any CPU
		{AAF1F06B-A264-49B5-8C1A-C453CC32C2D0}.Debug|Any CPU.ActiveCfg = Debug|Any CPU
		{AAF1F06B-A264-49B5-8C1A-C453CC32C2D0}.Debug|Any CPU.Build.0 = Debug|Any CPU
		{AAF1F06B-A264-49B5-8C1A-C453CC32C2D0}.Release|Any CPU.ActiveCfg = Release|Any CPU
		{AAF1F06B-A264-49B5-8C1A-C453CC32C2D0}.Release|Any CPU.Build.0 = Release|Any CPU
		{7560CD30-A88F-2DC8-C584-89A7D5953F3B}.Debug|Any CPU.ActiveCfg = Debug|Any CPU
		{7560CD30-A88F-2DC8-C584-89A7D5953F3B}.Debug|Any CPU.Build.0 = Debug|Any CPU
		{7560CD30-A88F-2DC8-C584-89A7D5953F3B}.Release|Any CPU.ActiveCfg = Release|Any CPU
		{7560CD30-A88F-2DC8-C584-89A7D5953F3B}.Release|Any CPU.Build.0 = Release|Any CPU
		{52AF40B0-99DB-7DA5-7C01-1D4227106ED1}.Debug|Any CPU.ActiveCfg = Debug|Any CPU
		{52AF40B0-99DB-7DA5-7C01-1D4227106ED1}.Debug|Any CPU.Build.0 = Debug|Any CPU
		{52AF40B0-99DB-7DA5-7C01-1D4227106ED1}.Release|Any CPU.ActiveCfg = Release|Any CPU
		{52AF40B0-99DB-7DA5-7C01-1D4227106ED1}.Release|Any CPU.Build.0 = Release|Any CPU
		{8C5E4CC1-A97B-B09E-2CBD-7E1177B9C549}.Debug|Any CPU.ActiveCfg = Debug|Any CPU
		{8C5E4CC1-A97B-B09E-2CBD-7E1177B9C549}.Debug|Any CPU.Build.0 = Debug|Any CPU
		{8C5E4CC1-A97B-B09E-2CBD-7E1177B9C549}.Release|Any CPU.ActiveCfg = Release|Any CPU
		{8C5E4CC1-A97B-B09E-2CBD-7E1177B9C549}.Release|Any CPU.Build.0 = Release|Any CPU
		{FC20CE29-35FB-484C-773A-B878837881C3}.Debug|Any CPU.ActiveCfg = Debug|Any CPU
		{FC20CE29-35FB-484C-773A-B878837881C3}.Debug|Any CPU.Build.0 = Debug|Any CPU
		{FC20CE29-35FB-484C-773A-B878837881C3}.Release|Any CPU.ActiveCfg = Release|Any CPU
		{FC20CE29-35FB-484C-773A-B878837881C3}.Release|Any CPU.Build.0 = Release|Any CPU
		{F464C723-1281-A329-A7CE-9390FE463F9E}.Debug|Any CPU.ActiveCfg = Debug|Any CPU
		{F464C723-1281-A329-A7CE-9390FE463F9E}.Debug|Any CPU.Build.0 = Debug|Any CPU
		{F464C723-1281-A329-A7CE-9390FE463F9E}.Release|Any CPU.ActiveCfg = Release|Any CPU
		{F464C723-1281-A329-A7CE-9390FE463F9E}.Release|Any CPU.Build.0 = Release|Any CPU
		{8F6AFC65-8CB2-2CF9-4E7B-5328AEC09638}.Debug|Any CPU.ActiveCfg = Debug|Any CPU
		{8F6AFC65-8CB2-2CF9-4E7B-5328AEC09638}.Debug|Any CPU.Build.0 = Debug|Any CPU
		{8F6AFC65-8CB2-2CF9-4E7B-5328AEC09638}.Release|Any CPU.ActiveCfg = Release|Any CPU
		{8F6AFC65-8CB2-2CF9-4E7B-5328AEC09638}.Release|Any CPU.Build.0 = Release|Any CPU
		{ECCD0421-6213-BD17-694E-26EA01284DEB}.Debug|Any CPU.ActiveCfg = Debug|Any CPU
		{ECCD0421-6213-BD17-694E-26EA01284DEB}.Debug|Any CPU.Build.0 = Debug|Any CPU
		{ECCD0421-6213-BD17-694E-26EA01284DEB}.Release|Any CPU.ActiveCfg = Release|Any CPU
		{ECCD0421-6213-BD17-694E-26EA01284DEB}.Release|Any CPU.Build.0 = Release|Any CPU
		{2B78A29A-F1DC-AF69-1187-078678714505}.Debug|Any CPU.ActiveCfg = Debug|Any CPU
		{2B78A29A-F1DC-AF69-1187-078678714505}.Debug|Any CPU.Build.0 = Debug|Any CPU
		{2B78A29A-F1DC-AF69-1187-078678714505}.Release|Any CPU.ActiveCfg = Release|Any CPU
		{2B78A29A-F1DC-AF69-1187-078678714505}.Release|Any CPU.Build.0 = Release|Any CPU
		{D52F9044-5D30-77EB-1C6A-B8F9C2CE645D}.Debug|Any CPU.ActiveCfg = Debug|Any CPU
		{D52F9044-5D30-77EB-1C6A-B8F9C2CE645D}.Debug|Any CPU.Build.0 = Debug|Any CPU
		{D52F9044-5D30-77EB-1C6A-B8F9C2CE645D}.Release|Any CPU.ActiveCfg = Release|Any CPU
		{D52F9044-5D30-77EB-1C6A-B8F9C2CE645D}.Release|Any CPU.Build.0 = Release|Any CPU
		{54912737-E68D-ABCF-0F54-952A748B521C}.Debug|Any CPU.ActiveCfg = Debug|Any CPU
		{54912737-E68D-ABCF-0F54-952A748B521C}.Debug|Any CPU.Build.0 = Debug|Any CPU
		{54912737-E68D-ABCF-0F54-952A748B521C}.Release|Any CPU.ActiveCfg = Release|Any CPU
		{54912737-E68D-ABCF-0F54-952A748B521C}.Release|Any CPU.Build.0 = Release|Any CPU
		{8003F8E3-8B88-F48B-BD2B-99121CE1A5CB}.Debug|Any CPU.ActiveCfg = Debug|Any CPU
		{8003F8E3-8B88-F48B-BD2B-99121CE1A5CB}.Debug|Any CPU.Build.0 = Debug|Any CPU
		{8003F8E3-8B88-F48B-BD2B-99121CE1A5CB}.Release|Any CPU.ActiveCfg = Release|Any CPU
		{8003F8E3-8B88-F48B-BD2B-99121CE1A5CB}.Release|Any CPU.Build.0 = Release|Any CPU
		{AFEF1B2D-1324-41A1-A77F-B25AEA452D0A}.Debug|Any CPU.ActiveCfg = Debug|Any CPU
		{AFEF1B2D-1324-41A1-A77F-B25AEA452D0A}.Debug|Any CPU.Build.0 = Debug|Any CPU
		{AFEF1B2D-1324-41A1-A77F-B25AEA452D0A}.Release|Any CPU.ActiveCfg = Release|Any CPU
		{AFEF1B2D-1324-41A1-A77F-B25AEA452D0A}.Release|Any CPU.Build.0 = Release|Any CPU
	EndGlobalSection
	GlobalSection(SolutionProperties) = preSolution
		HideSolutionNode = FALSE
	EndGlobalSection
	GlobalSection(NestedProjects) = preSolution
		{1C2ECABE-4BF3-45B3-BF71-5DDC121B4DE6} = {D7321109-F7BB-4EA0-BB5A-E650B3F2BCB4}
		{FF68E96F-B414-48C8-B8F7-57F7EF57CAA1} = {D7321109-F7BB-4EA0-BB5A-E650B3F2BCB4}
		{C853641E-A871-4E47-B713-CA871272F321} = {FF68E96F-B414-48C8-B8F7-57F7EF57CAA1}
		{F6E58F27-9A91-4C77-B222-FDB9C30C73AD} = {FF68E96F-B414-48C8-B8F7-57F7EF57CAA1}
		{1E3384B6-7C46-4EF2-B2E1-5AF353F4AEEC} = {99E6C76E-CCFA-45CC-8555-FF517C418CEE}
		{620CCE68-14A5-4043-9B68-B171F4452C56} = {1E3384B6-7C46-4EF2-B2E1-5AF353F4AEEC}
		{9B38E89C-27E2-4BB5-A388-1C8E3D49A320} = {D7321109-F7BB-4EA0-BB5A-E650B3F2BCB4}
		{51322CAC-41B3-4DD6-9876-CE9C148C103C} = {9B38E89C-27E2-4BB5-A388-1C8E3D49A320}
		{AAF1F06B-A264-49B5-8C1A-C453CC32C2D0} = {51322CAC-41B3-4DD6-9876-CE9C148C103C}
		{7560CD30-A88F-2DC8-C584-89A7D5953F3B} = {C853641E-A871-4E47-B713-CA871272F321}
		{52AF40B0-99DB-7DA5-7C01-1D4227106ED1} = {C853641E-A871-4E47-B713-CA871272F321}
		{8C5E4CC1-A97B-B09E-2CBD-7E1177B9C549} = {C853641E-A871-4E47-B713-CA871272F321}
		{FC20CE29-35FB-484C-773A-B878837881C3} = {C853641E-A871-4E47-B713-CA871272F321}
		{F464C723-1281-A329-A7CE-9390FE463F9E} = {C853641E-A871-4E47-B713-CA871272F321}
		{8F6AFC65-8CB2-2CF9-4E7B-5328AEC09638} = {F6E58F27-9A91-4C77-B222-FDB9C30C73AD}
		{ECCD0421-6213-BD17-694E-26EA01284DEB} = {F6E58F27-9A91-4C77-B222-FDB9C30C73AD}
		{2B78A29A-F1DC-AF69-1187-078678714505} = {F6E58F27-9A91-4C77-B222-FDB9C30C73AD}
		{D52F9044-5D30-77EB-1C6A-B8F9C2CE645D} = {F6E58F27-9A91-4C77-B222-FDB9C30C73AD}
		{54912737-E68D-ABCF-0F54-952A748B521C} = {F6E58F27-9A91-4C77-B222-FDB9C30C73AD}
		{8003F8E3-8B88-F48B-BD2B-99121CE1A5CB} = {D7321109-F7BB-4EA0-BB5A-E650B3F2BCB4}
		{AFEF1B2D-1324-41A1-A77F-B25AEA452D0A} = {1C2ECABE-4BF3-45B3-BF71-5DDC121B4DE6}
	EndGlobalSection
	GlobalSection(ExtensibilityGlobals) = postSolution
		SolutionGuid = {9DC915E6-67E6-4199-B97A-FE0EF28C0D6E}
	EndGlobalSection
EndGlobal
